
Microsoft Visual Studio Solution File, Format Version 12.00
# Visual Studio Version 17
VisualStudioVersion = 17.4.33213.308
MinimumVisualStudioVersion = 10.0.40219.1
Project("{9A19103F-16F7-4668-BE54-9A1E7A4F7556}") = "Movies.API", "Movies.API\Movies.API.csproj", "{1C24F9D3-CE50-4223-8479-214EA7449DB2}"
EndProject
Global
	GlobalSection(SolutionConfigurationPlatforms) = preSolution
		Debug|Any CPU = Debug|Any CPU
		Release|Any CPU = Release|Any CPU
	EndGlobalSection
	GlobalSection(ProjectConfigurationPlatforms) = postSolution
		{1C24F9D3-CE50-4223-8479-214EA7449DB2}.Debug|Any CPU.ActiveCfg = Debug|Any CPU
		{1C24F9D3-CE50-4223-8479-214EA7449DB2}.Debug|Any CPU.Build.0 = Debug|Any CPU
		{1C24F9D3-CE50-4223-8479-214EA7449DB2}.Release|Any CPU.ActiveCfg = Release|Any CPU
		{1C24F9D3-CE50-4223-8479-214EA7449DB2}.Release|Any CPU.Build.0 = Release|Any CPU
	EndGlobalSection
	GlobalSection(SolutionProperties) = preSolution
		HideSolutionNode = FALSE
	EndGlobalSection
	GlobalSection(ExtensibilityGlobals) = postSolution
		SolutionGuid = {56B17CBE-888C-4378-AA2E-9BB79223F76C}
	EndGlobalSection
EndGlobal
