
Microsoft Visual Studio Solution File, Format Version 12.00
# Visual Studio Version 17
VisualStudioVersion = 17.4.33213.308
MinimumVisualStudioVersion = 10.0.40219.1
Project("{2150E333-8FDC-42A3-9474-1A3956D46DE8}") = "Services", "Services", "{A046D2CD-B8F3-4504-B116-DD421F94E7D3}"
EndProject
Project("{2150E333-8FDC-42A3-9474-1A3956D46DE8}") = "Catalog", "Catalog", "{6FC4ADB2-2C86-4E8C-8BE5-50773D3C1929}"
EndProject
Project("{9A19103F-16F7-4668-BE54-9A1E7A4F7556}") = "Catalog.API", "Services\Catalog\Catalog.API\Catalog.API.csproj", "{496D1679-4C4A-42F8-A90B-E4A227162156}"
EndProject
Project("{E53339B2-1760-4266-BCC7-CA923CBCF16C}") = "docker-compose", "docker-compose.dcproj", "{AC0CDC8B-5BCA-4FE5-BA60-3D4FE5542A06}"
EndProject
Project("{2150E333-8FDC-42A3-9474-1A3956D46DE8}") = "Basket", "Basket", "{E04F6F42-1055-4194-9688-8603A2C86FC3}"
EndProject
Project("{9A19103F-16F7-4668-BE54-9A1E7A4F7556}") = "Basket.API", "Services\Basket\Basket.API\Basket.API.csproj", "{31686733-5426-4D4A-B32D-019C68689645}"
EndProject
Project("{2150E333-8FDC-42A3-9474-1A3956D46DE8}") = "Discount", "Discount", "{E77C1B7D-E01C-468D-9D0C-E72F8EC94463}"
EndProject
Project("{9A19103F-16F7-4668-BE54-9A1E7A4F7556}") = "Discount.API", "Services\Discount\Discount.API\Discount.API.csproj", "{67E45E3C-6069-4EFE-8D25-830B28EF12DB}"
EndProject
Project("{9A19103F-16F7-4668-BE54-9A1E7A4F7556}") = "Discount.Grpc", "Services\Discount\Discount.Grpc\Discount.Grpc.csproj", "{30A929AD-72F9-423C-AE77-2A92252C40D2}"
EndProject
Project("{2150E333-8FDC-42A3-9474-1A3956D46DE8}") = "Ordering", "Ordering", "{A6F6A3EE-7E6B-4BDE-BA28-0C549FF41D33}"
EndProject
Project("{9A19103F-16F7-4668-BE54-9A1E7A4F7556}") = "Ordering.API", "Services\Ordering\Ordering.API\Ordering.API.csproj", "{39F8421F-DA21-4D1C-A9C8-D1A660011A85}"
EndProject
Project("{9A19103F-16F7-4668-BE54-9A1E7A4F7556}") = "Ordering.Domain", "Services\Ordering\Ordering.Domain\Ordering.Domain.csproj", "{D3A9601B-8480-4299-B1F6-483361C916DC}"
EndProject
Project("{9A19103F-16F7-4668-BE54-9A1E7A4F7556}") = "Ordering.Application", "Services\Ordering\Ordering.Application\Ordering.Application.csproj", "{1A6FBA72-430F-4662-94C1-05C393415720}"
EndProject
Project("{9A19103F-16F7-4668-BE54-9A1E7A4F7556}") = "Ordering.Infrastructure", "Services\Ordering\Ordering.Infrastructure\Ordering.Infrastructure.csproj", "{C37B7582-D7F9-4AE5-B5AA-A719F6E70C28}"
EndProject
Project("{2150E333-8FDC-42A3-9474-1A3956D46DE8}") = "BuildingBlocks", "BuildingBlocks", "{3C22E51B-3124-4AFE-9308-D4FB40133F82}"
EndProject
Project("{FAE04EC0-301F-11D3-BF4B-00C04F79EFBC}") = "EventBus.Messages", "BuildingBlocks\EventBus.Messages\EventBus.Messages.csproj", "{C46950D6-D788-454F-B195-33300AC2A2D4}"
EndProject
Global
	GlobalSection(SolutionConfigurationPlatforms) = preSolution
		Debug|Any CPU = Debug|Any CPU
		Release|Any CPU = Release|Any CPU
	EndGlobalSection
	GlobalSection(ProjectConfigurationPlatforms) = postSolution
		{496D1679-4C4A-42F8-A90B-E4A227162156}.Debug|Any CPU.ActiveCfg = Debug|Any CPU
		{496D1679-4C4A-42F8-A90B-E4A227162156}.Debug|Any CPU.Build.0 = Debug|Any CPU
		{496D1679-4C4A-42F8-A90B-E4A227162156}.Release|Any CPU.ActiveCfg = Release|Any CPU
		{496D1679-4C4A-42F8-A90B-E4A227162156}.Release|Any CPU.Build.0 = Release|Any CPU
		{AC0CDC8B-5BCA-4FE5-BA60-3D4FE5542A06}.Debug|Any CPU.ActiveCfg = Debug|Any CPU
		{AC0CDC8B-5BCA-4FE5-BA60-3D4FE5542A06}.Debug|Any CPU.Build.0 = Debug|Any CPU
		{AC0CDC8B-5BCA-4FE5-BA60-3D4FE5542A06}.Release|Any CPU.ActiveCfg = Release|Any CPU
		{AC0CDC8B-5BCA-4FE5-BA60-3D4FE5542A06}.Release|Any CPU.Build.0 = Release|Any CPU
		{31686733-5426-4D4A-B32D-019C68689645}.Debug|Any CPU.ActiveCfg = Debug|Any CPU
		{31686733-5426-4D4A-B32D-019C68689645}.Debug|Any CPU.Build.0 = Debug|Any CPU
		{31686733-5426-4D4A-B32D-019C68689645}.Release|Any CPU.ActiveCfg = Release|Any CPU
		{31686733-5426-4D4A-B32D-019C68689645}.Release|Any CPU.Build.0 = Release|Any CPU
		{67E45E3C-6069-4EFE-8D25-830B28EF12DB}.Debug|Any CPU.ActiveCfg = Debug|Any CPU
		{67E45E3C-6069-4EFE-8D25-830B28EF12DB}.Debug|Any CPU.Build.0 = Debug|Any CPU
		{67E45E3C-6069-4EFE-8D25-830B28EF12DB}.Release|Any CPU.ActiveCfg = Release|Any CPU
		{67E45E3C-6069-4EFE-8D25-830B28EF12DB}.Release|Any CPU.Build.0 = Release|Any CPU
		{30A929AD-72F9-423C-AE77-2A92252C40D2}.Debug|Any CPU.ActiveCfg = Debug|Any CPU
		{30A929AD-72F9-423C-AE77-2A92252C40D2}.Debug|Any CPU.Build.0 = Debug|Any CPU
		{30A929AD-72F9-423C-AE77-2A92252C40D2}.Release|Any CPU.ActiveCfg = Release|Any CPU
		{30A929AD-72F9-423C-AE77-2A92252C40D2}.Release|Any CPU.Build.0 = Release|Any CPU
		{39F8421F-DA21-4D1C-A9C8-D1A660011A85}.Debug|Any CPU.ActiveCfg = Debug|Any CPU
		{39F8421F-DA21-4D1C-A9C8-D1A660011A85}.Debug|Any CPU.Build.0 = Debug|Any CPU
		{39F8421F-DA21-4D1C-A9C8-D1A660011A85}.Release|Any CPU.ActiveCfg = Release|Any CPU
		{39F8421F-DA21-4D1C-A9C8-D1A660011A85}.Release|Any CPU.Build.0 = Release|Any CPU
		{D3A9601B-8480-4299-B1F6-483361C916DC}.Debug|Any CPU.ActiveCfg = Debug|Any CPU
		{D3A9601B-8480-4299-B1F6-483361C916DC}.Debug|Any CPU.Build.0 = Debug|Any CPU
		{D3A9601B-8480-4299-B1F6-483361C916DC}.Release|Any CPU.ActiveCfg = Release|Any CPU
		{D3A9601B-8480-4299-B1F6-483361C916DC}.Release|Any CPU.Build.0 = Release|Any CPU
		{1A6FBA72-430F-4662-94C1-05C393415720}.Debug|Any CPU.ActiveCfg = Debug|Any CPU
		{1A6FBA72-430F-4662-94C1-05C393415720}.Debug|Any CPU.Build.0 = Debug|Any CPU
		{1A6FBA72-430F-4662-94C1-05C393415720}.Release|Any CPU.ActiveCfg = Release|Any CPU
		{1A6FBA72-430F-4662-94C1-05C393415720}.Release|Any CPU.Build.0 = Release|Any CPU
		{C37B7582-D7F9-4AE5-B5AA-A719F6E70C28}.Debug|Any CPU.ActiveCfg = Debug|Any CPU
		{C37B7582-D7F9-4AE5-B5AA-A719F6E70C28}.Debug|Any CPU.Build.0 = Debug|Any CPU
		{C37B7582-D7F9-4AE5-B5AA-A719F6E70C28}.Release|Any CPU.ActiveCfg = Release|Any CPU
		{C37B7582-D7F9-4AE5-B5AA-A719F6E70C28}.Release|Any CPU.Build.0 = Release|Any CPU
		{C46950D6-D788-454F-B195-33300AC2A2D4}.Debug|Any CPU.ActiveCfg = Debug|Any CPU
		{C46950D6-D788-454F-B195-33300AC2A2D4}.Debug|Any CPU.Build.0 = Debug|Any CPU
		{C46950D6-D788-454F-B195-33300AC2A2D4}.Release|Any CPU.ActiveCfg = Release|Any CPU
		{C46950D6-D788-454F-B195-33300AC2A2D4}.Release|Any CPU.Build.0 = Release|Any CPU
	EndGlobalSection
	GlobalSection(SolutionProperties) = preSolution
		HideSolutionNode = FALSE
	EndGlobalSection
	GlobalSection(NestedProjects) = preSolution
		{6FC4ADB2-2C86-4E8C-8BE5-50773D3C1929} = {A046D2CD-B8F3-4504-B116-DD421F94E7D3}
		{496D1679-4C4A-42F8-A90B-E4A227162156} = {6FC4ADB2-2C86-4E8C-8BE5-50773D3C1929}
		{E04F6F42-1055-4194-9688-8603A2C86FC3} = {A046D2CD-B8F3-4504-B116-DD421F94E7D3}
		{31686733-5426-4D4A-B32D-019C68689645} = {E04F6F42-1055-4194-9688-8603A2C86FC3}
		{E77C1B7D-E01C-468D-9D0C-E72F8EC94463} = {A046D2CD-B8F3-4504-B116-DD421F94E7D3}
		{67E45E3C-6069-4EFE-8D25-830B28EF12DB} = {E77C1B7D-E01C-468D-9D0C-E72F8EC94463}
		{30A929AD-72F9-423C-AE77-2A92252C40D2} = {E77C1B7D-E01C-468D-9D0C-E72F8EC94463}
		{A6F6A3EE-7E6B-4BDE-BA28-0C549FF41D33} = {A046D2CD-B8F3-4504-B116-DD421F94E7D3}
		{39F8421F-DA21-4D1C-A9C8-D1A660011A85} = {A6F6A3EE-7E6B-4BDE-BA28-0C549FF41D33}
		{D3A9601B-8480-4299-B1F6-483361C916DC} = {A6F6A3EE-7E6B-4BDE-BA28-0C549FF41D33}
		{1A6FBA72-430F-4662-94C1-05C393415720} = {A6F6A3EE-7E6B-4BDE-BA28-0C549FF41D33}
		{C37B7582-D7F9-4AE5-B5AA-A719F6E70C28} = {A6F6A3EE-7E6B-4BDE-BA28-0C549FF41D33}
		{C46950D6-D788-454F-B195-33300AC2A2D4} = {3C22E51B-3124-4AFE-9308-D4FB40133F82}
	EndGlobalSection
	GlobalSection(ExtensibilityGlobals) = postSolution
		SolutionGuid = {10A75F63-1C70-43D8-8386-8329986A8F3F}
	EndGlobalSection
EndGlobal
